// !$*UTF8*$!
{
	archiveVersion = 1;
	classes = {
	};
	objectVersion = 55;
	objects = {

/* Begin PBXBuildFile section */
		A885F57F29ED946200C51171 /* AppDelegate.swift in Sources */ = {isa = PBXBuildFile; fileRef = A885F57E29ED946200C51171 /* AppDelegate.swift */; };
		A885F58129ED946200C51171 /* SceneDelegate.swift in Sources */ = {isa = PBXBuildFile; fileRef = A885F58029ED946200C51171 /* SceneDelegate.swift */; };
		A885F58329ED946200C51171 /* ViewController.swift in Sources */ = {isa = PBXBuildFile; fileRef = A885F58229ED946200C51171 /* ViewController.swift */; };
		A885F58629ED946200C51171 /* Main.storyboard in Resources */ = {isa = PBXBuildFile; fileRef = A885F58429ED946200C51171 /* Main.storyboard */; };
		A885F58829ED946400C51171 /* Assets.xcassets in Resources */ = {isa = PBXBuildFile; fileRef = A885F58729ED946400C51171 /* Assets.xcassets */; };
		A885F58B29ED946400C51171 /* LaunchScreen.storyboard in Resources */ = {isa = PBXBuildFile; fileRef = A885F58929ED946400C51171 /* LaunchScreen.storyboard */; };
		A885F59629ED946400C51171 /* prashantQuizTests.swift in Sources */ = {isa = PBXBuildFile; fileRef = A885F59529ED946400C51171 /* prashantQuizTests.swift */; };
		A885F5A029ED946400C51171 /* prashantQuizUITests.swift in Sources */ = {isa = PBXBuildFile; fileRef = A885F59F29ED946400C51171 /* prashantQuizUITests.swift */; };
		A885F5A229ED946400C51171 /* prashantQuizUITestsLaunchTests.swift in Sources */ = {isa = PBXBuildFile; fileRef = A885F5A129ED946400C51171 /* prashantQuizUITestsLaunchTests.swift */; };
/* End PBXBuildFile section */

/* Begin PBXContainerItemProxy section */
		A885F59229ED946400C51171 /* PBXContainerItemProxy */ = {
			isa = PBXContainerItemProxy;
			containerPortal = A885F57329ED946200C51171 /* Project object */;
			proxyType = 1;
			remoteGlobalIDString = A885F57A29ED946200C51171;
			remoteInfo = prashantQuiz;
		};
		A885F59C29ED946400C51171 /* PBXContainerItemProxy */ = {
			isa = PBXContainerItemProxy;
			containerPortal = A885F57329ED946200C51171 /* Project object */;
			proxyType = 1;
			remoteGlobalIDString = A885F57A29ED946200C51171;
			remoteInfo = prashantQuiz;
		};
/* End PBXContainerItemProxy section */

/* Begin PBXFileReference section */
		A885F57B29ED946200C51171 /* prashantQuiz.app */ = {isa = PBXFileReference; explicitFileType = wrapper.application; includeInIndex = 0; path = prashantQuiz.app; sourceTree = BUILT_PRODUCTS_DIR; };
		A885F57E29ED946200C51171 /* AppDelegate.swift */ = {isa = PBXFileReference; lastKnownFileType = sourcecode.swift; path = AppDelegate.swift; sourceTree = "<group>"; };
		A885F58029ED946200C51171 /* SceneDelegate.swift */ = {isa = PBXFileReference; lastKnownFileType = sourcecode.swift; path = SceneDelegate.swift; sourceTree = "<group>"; };
		A885F58229ED946200C51171 /* ViewController.swift */ = {isa = PBXFileReference; lastKnownFileType = sourcecode.swift; path = ViewController.swift; sourceTree = "<group>"; };
		A885F58529ED946200C51171 /* Base */ = {isa = PBXFileReference; lastKnownFileType = file.storyboard; name = Base; path = Base.lproj/Main.storyboard; sourceTree = "<group>"; };
		A885F58729ED946400C51171 /* Assets.xcassets */ = {isa = PBXFileReference; lastKnownFileType = folder.assetcatalog; path = Assets.xcassets; sourceTree = "<group>"; };
		A885F58A29ED946400C51171 /* Base */ = {isa = PBXFileReference; lastKnownFileType = file.storyboard; name = Base; path = Base.lproj/LaunchScreen.storyboard; sourceTree = "<group>"; };
		A885F58C29ED946400C51171 /* Info.plist */ = {isa = PBXFileReference; lastKnownFileType = text.plist.xml; path = Info.plist; sourceTree = "<group>"; };
		A885F59129ED946400C51171 /* prashantQuizTests.xctest */ = {isa = PBXFileReference; explicitFileType = wrapper.cfbundle; includeInIndex = 0; path = prashantQuizTests.xctest; sourceTree = BUILT_PRODUCTS_DIR; };
		A885F59529ED946400C51171 /* prashantQuizTests.swift */ = {isa = PBXFileReference; lastKnownFileType = sourcecode.swift; path = prashantQuizTests.swift; sourceTree = "<group>"; };
		A885F59B29ED946400C51171 /* prashantQuizUITests.xctest */ = {isa = PBXFileReference; explicitFileType = wrapper.cfbundle; includeInIndex = 0; path = prashantQuizUITests.xctest; sourceTree = BUILT_PRODUCTS_DIR; };
		A885F59F29ED946400C51171 /* prashantQuizUITests.swift */ = {isa = PBXFileReference; lastKnownFileType = sourcecode.swift; path = prashantQuizUITests.swift; sourceTree = "<group>"; };
		A885F5A129ED946400C51171 /* prashantQuizUITestsLaunchTests.swift */ = {isa = PBXFileReference; lastKnownFileType = sourcecode.swift; path = prashantQuizUITestsLaunchTests.swift; sourceTree = "<group>"; };
/* End PBXFileReference section */

/* Begin PBXFrameworksBuildPhase section */
		A885F57829ED946200C51171 /* Frameworks */ = {
			isa = PBXFrameworksBuildPhase;
			buildActionMask = 2147483647;
			files = (
			);
			runOnlyForDeploymentPostprocessing = 0;
		};
		A885F58E29ED946400C51171 /* Frameworks */ = {
			isa = PBXFrameworksBuildPhase;
			buildActionMask = 2147483647;
			files = (
			);
			runOnlyForDeploymentPostprocessing = 0;
		};
		A885F59829ED946400C51171 /* Frameworks */ = {
			isa = PBXFrameworksBuildPhase;
			buildActionMask = 2147483647;
			files = (
			);
			runOnlyForDeploymentPostprocessing = 0;
		};
/* End PBXFrameworksBuildPhase section */

/* Begin PBXGroup section */
		A885F57229ED946200C51171 = {
			isa = PBXGroup;
			children = (
				A885F57D29ED946200C51171 /* prashantQuiz */,
				A885F59429ED946400C51171 /* prashantQuizTests */,
				A885F59E29ED946400C51171 /* prashantQuizUITests */,
				A885F57C29ED946200C51171 /* Products */,
			);
			sourceTree = "<group>";
		};
		A885F57C29ED946200C51171 /* Products */ = {
			isa = PBXGroup;
			children = (
				A885F57B29ED946200C51171 /* prashantQuiz.app */,
				A885F59129ED946400C51171 /* prashantQuizTests.xctest */,
				A885F59B29ED946400C51171 /* prashantQuizUITests.xctest */,
			);
			name = Products;
			sourceTree = "<group>";
		};
		A885F57D29ED946200C51171 /* prashantQuiz */ = {
			isa = PBXGroup;
			children = (
				A885F57E29ED946200C51171 /* AppDelegate.swift */,
				A885F58029ED946200C51171 /* SceneDelegate.swift */,
				A885F58229ED946200C51171 /* ViewController.swift */,
				A885F58429ED946200C51171 /* Main.storyboard */,
				A885F58729ED946400C51171 /* Assets.xcassets */,
				A885F58929ED946400C51171 /* LaunchScreen.storyboard */,
				A885F58C29ED946400C51171 /* Info.plist */,
			);
			path = prashantQuiz;
			sourceTree = "<group>";
		};
		A885F59429ED946400C51171 /* prashantQuizTests */ = {
			isa = PBXGroup;
			children = (
				A885F59529ED946400C51171 /* prashantQuizTests.swift */,
			);
			path = prashantQuizTests;
			sourceTree = "<group>";
		};
		A885F59E29ED946400C51171 /* prashantQuizUITests */ = {
			isa = PBXGroup;
			children = (
				A885F59F29ED946400C51171 /* prashantQuizUITests.swift */,
				A885F5A129ED946400C51171 /* prashantQuizUITestsLaunchTests.swift */,
			);
			path = prashantQuizUITests;
			sourceTree = "<group>";
		};
/* End PBXGroup section */

/* Begin PBXNativeTarget section */
		A885F57A29ED946200C51171 /* prashantQuiz */ = {
			isa = PBXNativeTarget;
			buildConfigurationList = A885F5A529ED946400C51171 /* Build configuration list for PBXNativeTarget "prashantQuiz" */;
			buildPhases = (
				A885F57729ED946200C51171 /* Sources */,
				A885F57829ED946200C51171 /* Frameworks */,
				A885F57929ED946200C51171 /* Resources */,
			);
			buildRules = (
			);
			dependencies = (
			);
			name = prashantQuiz;
			productName = prashantQuiz;
			productReference = A885F57B29ED946200C51171 /* prashantQuiz.app */;
			productType = "com.apple.product-type.application";
		};
		A885F59029ED946400C51171 /* prashantQuizTests */ = {
			isa = PBXNativeTarget;
			buildConfigurationList = A885F5A829ED946400C51171 /* Build configuration list for PBXNativeTarget "prashantQuizTests" */;
			buildPhases = (
				A885F58D29ED946400C51171 /* Sources */,
				A885F58E29ED946400C51171 /* Frameworks */,
				A885F58F29ED946400C51171 /* Resources */,
			);
			buildRules = (
			);
			dependencies = (
				A885F59329ED946400C51171 /* PBXTargetDependency */,
			);
			name = prashantQuizTests;
			productName = prashantQuizTests;
			productReference = A885F59129ED946400C51171 /* prashantQuizTests.xctest */;
			productType = "com.apple.product-type.bundle.unit-test";
		};
		A885F59A29ED946400C51171 /* prashantQuizUITests */ = {
			isa = PBXNativeTarget;
			buildConfigurationList = A885F5AB29ED946400C51171 /* Build configuration list for PBXNativeTarget "prashantQuizUITests" */;
			buildPhases = (
				A885F59729ED946400C51171 /* Sources */,
				A885F59829ED946400C51171 /* Frameworks */,
				A885F59929ED946400C51171 /* Resources */,
			);
			buildRules = (
			);
			dependencies = (
				A885F59D29ED946400C51171 /* PBXTargetDependency */,
			);
			name = prashantQuizUITests;
			productName = prashantQuizUITests;
			productReference = A885F59B29ED946400C51171 /* prashantQuizUITests.xctest */;
			productType = "com.apple.product-type.bundle.ui-testing";
		};
/* End PBXNativeTarget section */

/* Begin PBXProject section */
		A885F57329ED946200C51171 /* Project object */ = {
			isa = PBXProject;
			attributes = {
				BuildIndependentTargetsInParallel = 1;
				LastSwiftUpdateCheck = 1340;
				LastUpgradeCheck = 1340;
				TargetAttributes = {
					A885F57A29ED946200C51171 = {
						CreatedOnToolsVersion = 13.4.1;
					};
					A885F59029ED946400C51171 = {
						CreatedOnToolsVersion = 13.4.1;
						TestTargetID = A885F57A29ED946200C51171;
					};
					A885F59A29ED946400C51171 = {
						CreatedOnToolsVersion = 13.4.1;
						TestTargetID = A885F57A29ED946200C51171;
					};
				};
			};
			buildConfigurationList = A885F57629ED946200C51171 /* Build configuration list for PBXProject "prashantQuiz" */;
			compatibilityVersion = "Xcode 13.0";
			developmentRegion = en;
			hasScannedForEncodings = 0;
			knownRegions = (
				en,
				Base,
			);
			mainGroup = A885F57229ED946200C51171;
			productRefGroup = A885F57C29ED946200C51171 /* Products */;
			projectDirPath = "";
			projectRoot = "";
			targets = (
				A885F57A29ED946200C51171 /* prashantQuiz */,
				A885F59029ED946400C51171 /* prashantQuizTests */,
				A885F59A29ED946400C51171 /* prashantQuizUITests */,
			);
		};
/* End PBXProject section */

/* Begin PBXResourcesBuildPhase section */
		A885F57929ED946200C51171 /* Resources */ = {
			isa = PBXResourcesBuildPhase;
			buildActionMask = 2147483647;
			files = (
				A885F58B29ED946400C51171 /* LaunchScreen.storyboard in Resources */,
				A885F58829ED946400C51171 /* Assets.xcassets in Resources */,
				A885F58629ED946200C51171 /* Main.storyboard in Resources */,
			);
			runOnlyForDeploymentPostprocessing = 0;
		};
		A885F58F29ED946400C51171 /* Resources */ = {
			isa = PBXResourcesBuildPhase;
			buildActionMask = 2147483647;
			files = (
			);
			runOnlyForDeploymentPostprocessing = 0;
		};
		A885F59929ED946400C51171 /* Resources */ = {
			isa = PBXResourcesBuildPhase;
			buildActionMask = 2147483647;
			files = (
			);
			runOnlyForDeploymentPostprocessing = 0;
		};
/* End PBXResourcesBuildPhase section */

/* Begin PBXSourcesBuildPhase section */
		A885F57729ED946200C51171 /* Sources */ = {
			isa = PBXSourcesBuildPhase;
			buildActionMask = 2147483647;
			files = (
				A885F58329ED946200C51171 /* ViewController.swift in Sources */,
				A885F57F29ED946200C51171 /* AppDelegate.swift in Sources */,
				A885F58129ED946200C51171 /* SceneDelegate.swift in Sources */,
			);
			runOnlyForDeploymentPostprocessing = 0;
		};
		A885F58D29ED946400C51171 /* Sources */ = {
			isa = PBXSourcesBuildPhase;
			buildActionMask = 2147483647;
			files = (
				A885F59629ED946400C51171 /* prashantQuizTests.swift in Sources */,
			);
			runOnlyForDeploymentPostprocessing = 0;
		};
		A885F59729ED946400C51171 /* Sources */ = {
			isa = PBXSourcesBuildPhase;
			buildActionMask = 2147483647;
			files = (
				A885F5A229ED946400C51171 /* prashantQuizUITestsLaunchTests.swift in Sources */,
				A885F5A029ED946400C51171 /* prashantQuizUITests.swift in Sources */,
			);
			runOnlyForDeploymentPostprocessing = 0;
		};
/* End PBXSourcesBuildPhase section */

/* Begin PBXTargetDependency section */
		A885F59329ED946400C51171 /* PBXTargetDependency */ = {
			isa = PBXTargetDependency;
			target = A885F57A29ED946200C51171 /* prashantQuiz */;
			targetProxy = A885F59229ED946400C51171 /* PBXContainerItemProxy */;
		};
		A885F59D29ED946400C51171 /* PBXTargetDependency */ = {
			isa = PBXTargetDependency;
			target = A885F57A29ED946200C51171 /* prashantQuiz */;
			targetProxy = A885F59C29ED946400C51171 /* PBXContainerItemProxy */;
		};
/* End PBXTargetDependency section */

/* Begin PBXVariantGroup section */
		A885F58429ED946200C51171 /* Main.storyboard */ = {
			isa = PBXVariantGroup;
			children = (
				A885F58529ED946200C51171 /* Base */,
			);
			name = Main.storyboard;
			sourceTree = "<group>";
		};
		A885F58929ED946400C51171 /* LaunchScreen.storyboard */ = {
			isa = PBXVariantGroup;
			children = (
				A885F58A29ED946400C51171 /* Base */,
			);
			name = LaunchScreen.storyboard;
			sourceTree = "<group>";
		};
/* End PBXVariantGroup section */

/* Begin XCBuildConfiguration section */
		A885F5A329ED946400C51171 /* Debug */ = {
			isa = XCBuildConfiguration;
			buildSettings = {
				ALWAYS_SEARCH_USER_PATHS = NO;
				CLANG_ANALYZER_NONNULL = YES;
				CLANG_ANALYZER_NUMBER_OBJECT_CONVERSION = YES_AGGRESSIVE;
				CLANG_CXX_LANGUAGE_STANDARD = "gnu++17";
				CLANG_ENABLE_MODULES = YES;
				CLANG_ENABLE_OBJC_ARC = YES;
				CLANG_ENABLE_OBJC_WEAK = YES;
				CLANG_WARN_BLOCK_CAPTURE_AUTORELEASING = YES;
				CLANG_WARN_BOOL_CONVERSION = YES;
				CLANG_WARN_COMMA = YES;
				CLANG_WARN_CONSTANT_CONVERSION = YES;
				CLANG_WARN_DEPRECATED_OBJC_IMPLEMENTATIONS = YES;
				CLANG_WARN_DIRECT_OBJC_ISA_USAGE = YES_ERROR;
				CLANG_WARN_DOCUMENTATION_COMMENTS = YES;
				CLANG_WARN_EMPTY_BODY = YES;
				CLANG_WARN_ENUM_CONVERSION = YES;
				CLANG_WARN_INFINITE_RECURSION = YES;
				CLANG_WARN_INT_CONVERSION = YES;
				CLANG_WARN_NON_LITERAL_NULL_CONVERSION = YES;
				CLANG_WARN_OBJC_IMPLICIT_RETAIN_SELF = YES;
				CLANG_WARN_OBJC_LITERAL_CONVERSION = YES;
				CLANG_WARN_OBJC_ROOT_CLASS = YES_ERROR;
				CLANG_WARN_QUOTED_INCLUDE_IN_FRAMEWORK_HEADER = YES;
				CLANG_WARN_RANGE_LOOP_ANALYSIS = YES;
				CLANG_WARN_STRICT_PROTOTYPES = YES;
				CLANG_WARN_SUSPICIOUS_MOVE = YES;
				CLANG_WARN_UNGUARDED_AVAILABILITY = YES_AGGRESSIVE;
				CLANG_WARN_UNREACHABLE_CODE = YES;
				CLANG_WARN__DUPLICATE_METHOD_MATCH = YES;
				COPY_PHASE_STRIP = NO;
				DEBUG_INFORMATION_FORMAT = dwarf;
				ENABLE_STRICT_OBJC_MSGSEND = YES;
				ENABLE_TESTABILITY = YES;
				GCC_C_LANGUAGE_STANDARD = gnu11;
				GCC_DYNAMIC_NO_PIC = NO;
				GCC_NO_COMMON_BLOCKS = YES;
				GCC_OPTIMIZATION_LEVEL = 0;
				GCC_PREPROCESSOR_DEFINITIONS = (
					"DEBUG=1",
					"$(inherited)",
				);
				GCC_WARN_64_TO_32_BIT_CONVERSION = YES;
				GCC_WARN_ABOUT_RETURN_TYPE = YES_ERROR;
				GCC_WARN_UNDECLARED_SELECTOR = YES;
				GCC_WARN_UNINITIALIZED_AUTOS = YES_AGGRESSIVE;
				GCC_WARN_UNUSED_FUNCTION = YES;
				GCC_WARN_UNUSED_VARIABLE = YES;
				IPHONEOS_DEPLOYMENT_TARGET = 15.5;
				MTL_ENABLE_DEBUG_INFO = INCLUDE_SOURCE;
				MTL_FAST_MATH = YES;
				ONLY_ACTIVE_ARCH = YES;
				SDKROOT = iphoneos;
				SWIFT_ACTIVE_COMPILATION_CONDITIONS = DEBUG;
				SWIFT_OPTIMIZATION_LEVEL = "-Onone";
			};
			name = Debug;
		};
		A885F5A429ED946400C51171 /* Release */ = {
			isa = XCBuildConfiguration;
			buildSettings = {
				ALWAYS_SEARCH_USER_PATHS = NO;
				CLANG_ANALYZER_NONNULL = YES;
				CLANG_ANALYZER_NUMBER_OBJECT_CONVERSION = YES_AGGRESSIVE;
				CLANG_CXX_LANGUAGE_STANDARD = "gnu++17";
				CLANG_ENABLE_MODULES = YES;
				CLANG_ENABLE_OBJC_ARC = YES;
				CLANG_ENABLE_OBJC_WEAK = YES;
				CLANG_WARN_BLOCK_CAPTURE_AUTORELEASING = YES;
				CLANG_WARN_BOOL_CONVERSION = YES;
				CLANG_WARN_COMMA = YES;
				CLANG_WARN_CONSTANT_CONVERSION = YES;
				CLANG_WARN_DEPRECATED_OBJC_IMPLEMENTATIONS = YES;
				CLANG_WARN_DIRECT_OBJC_ISA_USAGE = YES_ERROR;
				CLANG_WARN_DOCUMENTATION_COMMENTS = YES;
				CLANG_WARN_EMPTY_BODY = YES;
				CLANG_WARN_ENUM_CONVERSION = YES;
				CLANG_WARN_INFINITE_RECURSION = YES;
				CLANG_WARN_INT_CONVERSION = YES;
				CLANG_WARN_NON_LITERAL_NULL_CONVERSION = YES;
				CLANG_WARN_OBJC_IMPLICIT_RETAIN_SELF = YES;
				CLANG_WARN_OBJC_LITERAL_CONVERSION = YES;
				CLANG_WARN_OBJC_ROOT_CLASS = YES_ERROR;
				CLANG_WARN_QUOTED_INCLUDE_IN_FRAMEWORK_HEADER = YES;
				CLANG_WARN_RANGE_LOOP_ANALYSIS = YES;
				CLANG_WARN_STRICT_PROTOTYPES = YES;
				CLANG_WARN_SUSPICIOUS_MOVE = YES;
				CLANG_WARN_UNGUARDED_AVAILABILITY = YES_AGGRESSIVE;
				CLANG_WARN_UNREACHABLE_CODE = YES;
				CLANG_WARN__DUPLICATE_METHOD_MATCH = YES;
				COPY_PHASE_STRIP = NO;
				DEBUG_INFORMATION_FORMAT = "dwarf-with-dsym";
				ENABLE_NS_ASSERTIONS = NO;
				ENABLE_STRICT_OBJC_MSGSEND = YES;
				GCC_C_LANGUAGE_STANDARD = gnu11;
				GCC_NO_COMMON_BLOCKS = YES;
				GCC_WARN_64_TO_32_BIT_CONVERSION = YES;
				GCC_WARN_ABOUT_RETURN_TYPE = YES_ERROR;
				GCC_WARN_UNDECLARED_SELECTOR = YES;
				GCC_WARN_UNINITIALIZED_AUTOS = YES_AGGRESSIVE;
				GCC_WARN_UNUSED_FUNCTION = YES;
				GCC_WARN_UNUSED_VARIABLE = YES;
				IPHONEOS_DEPLOYMENT_TARGET = 15.5;
				MTL_ENABLE_DEBUG_INFO = NO;
				MTL_FAST_MATH = YES;
				SDKROOT = iphoneos;
				SWIFT_COMPILATION_MODE = wholemodule;
				SWIFT_OPTIMIZATION_LEVEL = "-O";
				VALIDATE_PRODUCT = YES;
			};
			name = Release;
		};
		A885F5A629ED946400C51171 /* Debug */ = {
			isa = XCBuildConfiguration;
			buildSettings = {
				ASSETCATALOG_COMPILER_APPICON_NAME = AppIcon;
				ASSETCATALOG_COMPILER_GLOBAL_ACCENT_COLOR_NAME = AccentColor;
				CODE_SIGN_STYLE = Automatic;
				CURRENT_PROJECT_VERSION = 1;
				GENERATE_INFOPLIST_FILE = YES;
				INFOPLIST_FILE = prashantQuiz/Info.plist;
				INFOPLIST_KEY_UIApplicationSupportsIndirectInputEvents = YES;
				INFOPLIST_KEY_UILaunchStoryboardName = LaunchScreen;
				INFOPLIST_KEY_UIMainStoryboardFile = Main;
				INFOPLIST_KEY_UISupportedInterfaceOrientations_iPad = "UIInterfaceOrientationPortrait UIInterfaceOrientationPortraitUpsideDown UIInterfaceOrientationLandscapeLeft UIInterfaceOrientationLandscapeRight";
				INFOPLIST_KEY_UISupportedInterfaceOrientations_iPhone = "UIInterfaceOrientationPortrait UIInterfaceOrientationLandscapeLeft UIInterfaceOrientationLandscapeRight";
				LD_RUNPATH_SEARCH_PATHS = (
					"$(inherited)",
					"@executable_path/Frameworks",
				);
				MARKETING_VERSION = 1.0;
				PRODUCT_BUNDLE_IDENTIFIER = com.prashant.prashantQuiz;
				PRODUCT_NAME = "$(TARGET_NAME)";
				SWIFT_EMIT_LOC_STRINGS = YES;
				SWIFT_VERSION = 5.0;
				TARGETED_DEVICE_FAMILY = "1,2";
			};
			name = Debug;
		};
		A885F5A729ED946400C51171 /* Release */ = {
			isa = XCBuildConfiguration;
			buildSettings = {
				ASSETCATALOG_COMPILER_APPICON_NAME = AppIcon;
				ASSETCATALOG_COMPILER_GLOBAL_ACCENT_COLOR_NAME = AccentColor;
				CODE_SIGN_STYLE = Automatic;
				CURRENT_PROJECT_VERSION = 1;
				GENERATE_INFOPLIST_FILE = YES;
				INFOPLIST_FILE = prashantQuiz/Info.plist;
				INFOPLIST_KEY_UIApplicationSupportsIndirectInputEvents = YES;
				INFOPLIST_KEY_UILaunchStoryboardName = LaunchScreen;
				INFOPLIST_KEY_UIMainStoryboardFile = Main;
				INFOPLIST_KEY_UISupportedInterfaceOrientations_iPad = "UIInterfaceOrientationPortrait UIInterfaceOrientationPortraitUpsideDown UIInterfaceOrientationLandscapeLeft UIInterfaceOrientationLandscapeRight";
				INFOPLIST_KEY_UISupportedInterfaceOrientations_iPhone = "UIInterfaceOrientationPortrait UIInterfaceOrientationLandscapeLeft UIInterfaceOrientationLandscapeRight";
				LD_RUNPATH_SEARCH_PATHS = (
					"$(inherited)",
					"@executable_path/Frameworks",
				);
				MARKETING_VERSION = 1.0;
				PRODUCT_BUNDLE_IDENTIFIER = com.prashant.prashantQuiz;
				PRODUCT_NAME = "$(TARGET_NAME)";
				SWIFT_EMIT_LOC_STRINGS = YES;
				SWIFT_VERSION = 5.0;
				TARGETED_DEVICE_FAMILY = "1,2";
			};
			name = Release;
		};
		A885F5A929ED946400C51171 /* Debug */ = {
			isa = XCBuildConfiguration;
			buildSettings = {
				ALWAYS_EMBED_SWIFT_STANDARD_LIBRARIES = YES;
				BUNDLE_LOADER = "$(TEST_HOST)";
				CODE_SIGN_STYLE = Automatic;
				CURRENT_PROJECT_VERSION = 1;
				GENERATE_INFOPLIST_FILE = YES;
				IPHONEOS_DEPLOYMENT_TARGET = 15.5;
				MARKETING_VERSION = 1.0;
				PRODUCT_BUNDLE_IDENTIFIER = com.prashant.prashantQuizTests;
				PRODUCT_NAME = "$(TARGET_NAME)";
				SWIFT_EMIT_LOC_STRINGS = NO;
				SWIFT_VERSION = 5.0;
				TARGETED_DEVICE_FAMILY = "1,2";
				TEST_HOST = "$(BUILT_PRODUCTS_DIR)/prashantQuiz.app/prashantQuiz";
			};
			name = Debug;
		};
		A885F5AA29ED946400C51171 /* Release */ = {
			isa = XCBuildConfiguration;
			buildSettings = {
				ALWAYS_EMBED_SWIFT_STANDARD_LIBRARIES = YES;
				BUNDLE_LOADER = "$(TEST_HOST)";
				CODE_SIGN_STYLE = Automatic;
				CURRENT_PROJECT_VERSION = 1;
				GENERATE_INFOPLIST_FILE = YES;
				IPHONEOS_DEPLOYMENT_TARGET = 15.5;
				MARKETING_VERSION = 1.0;
				PRODUCT_BUNDLE_IDENTIFIER = com.prashant.prashantQuizTests;
				PRODUCT_NAME = "$(TARGET_NAME)";
				SWIFT_EMIT_LOC_STRINGS = NO;
				SWIFT_VERSION = 5.0;
				TARGETED_DEVICE_FAMILY = "1,2";
				TEST_HOST = "$(BUILT_PRODUCTS_DIR)/prashantQuiz.app/prashantQuiz";
			};
			name = Release;
		};
		A885F5AC29ED946400C51171 /* Debug */ = {
			isa = XCBuildConfiguration;
			buildSettings = {
				ALWAYS_EMBED_SWIFT_STANDARD_LIBRARIES = YES;
				CODE_SIGN_STYLE = Automatic;
				CURRENT_PROJECT_VERSION = 1;
				GENERATE_INFOPLIST_FILE = YES;
				MARKETING_VERSION = 1.0;
				PRODUCT_BUNDLE_IDENTIFIER = com.prashant.prashantQuizUITests;
				PRODUCT_NAME = "$(TARGET_NAME)";
				SWIFT_EMIT_LOC_STRINGS = NO;
				SWIFT_VERSION = 5.0;
				TARGETED_DEVICE_FAMILY = "1,2";
				TEST_TARGET_NAME = prashantQuiz;
			};
			name = Debug;
		};
		A885F5AD29ED946400C51171 /* Release */ = {
			isa = XCBuildConfiguration;
			buildSettings = {
				ALWAYS_EMBED_SWIFT_STANDARD_LIBRARIES = YES;
				CODE_SIGN_STYLE = Automatic;
				CURRENT_PROJECT_VERSION = 1;
				GENERATE_INFOPLIST_FILE = YES;
				MARKETING_VERSION = 1.0;
				PRODUCT_BUNDLE_IDENTIFIER = com.prashant.prashantQuizUITests;
				PRODUCT_NAME = "$(TARGET_NAME)";
				SWIFT_EMIT_LOC_STRINGS = NO;
				SWIFT_VERSION = 5.0;
				TARGETED_DEVICE_FAMILY = "1,2";
				TEST_TARGET_NAME = prashantQuiz;
			};
			name = Release;
		};
/* End XCBuildConfiguration section */

/* Begin XCConfigurationList section */
		A885F57629ED946200C51171 /* Build configuration list for PBXProject "prashantQuiz" */ = {
			isa = XCConfigurationList;
			buildConfigurations = (
				A885F5A329ED946400C51171 /* Debug */,
				A885F5A429ED946400C51171 /* Release */,
			);
			defaultConfigurationIsVisible = 0;
			defaultConfigurationName = Release;
		};
		A885F5A529ED946400C51171 /* Build configuration list for PBXNativeTarget "prashantQuiz" */ = {
			isa = XCConfigurationList;
			buildConfigurations = (
				A885F5A629ED946400C51171 /* Debug */,
				A885F5A729ED946400C51171 /* Release */,
			);
			defaultConfigurationIsVisible = 0;
			defaultConfigurationName = Release;
		};
		A885F5A829ED946400C51171 /* Build configuration list for PBXNativeTarget "prashantQuizTests" */ = {
			isa = XCConfigurationList;
			buildConfigurations = (
				A885F5A929ED946400C51171 /* Debug */,
				A885F5AA29ED946400C51171 /* Release */,
			);
			defaultConfigurationIsVisible = 0;
			defaultConfigurationName = Release;
		};
		A885F5AB29ED946400C51171 /* Build configuration list for PBXNativeTarget "prashantQuizUITests" */ = {
			isa = XCConfigurationList;
			buildConfigurations = (
				A885F5AC29ED946400C51171 /* Debug */,
				A885F5AD29ED946400C51171 /* Release */,
			);
			defaultConfigurationIsVisible = 0;
			defaultConfigurationName = Release;
		};
/* End XCConfigurationList section */
	};
	rootObject = A885F57329ED946200C51171 /* Project object */;
}
